
Microsoft Visual Studio Solution File, Format Version 12.00
# Visual Studio Version 17
VisualStudioVersion = 17.13.35806.99 d17.13
MinimumVisualStudioVersion = 10.0.40219.1
Project("{FAE04EC0-301F-11D3-BF4B-00C04F79EFBC}") = "BlogIT", "BlogIT\BlogIT.csproj", "{D2467CE3-ACF2-4194-B356-17DA871B2BB1}"
EndProject
Global
	GlobalSection(SolutionConfigurationPlatforms) = preSolution
		Debug|Any CPU = Debug|Any CPU
		Release|Any CPU = Release|Any CPU
	EndGlobalSection
	GlobalSection(ProjectConfigurationPlatforms) = postSolution
		{D2467CE3-ACF2-4194-B356-17DA871B2BB1}.Debug|Any CPU.ActiveCfg = Debug|Any CPU
		{D2467CE3-ACF2-4194-B356-17DA871B2BB1}.Debug|Any CPU.Build.0 = Debug|Any CPU
		{D2467CE3-ACF2-4194-B356-17DA871B2BB1}.Release|Any CPU.ActiveCfg = Release|Any CPU
		{D2467CE3-ACF2-4194-B356-17DA871B2BB1}.Release|Any CPU.Build.0 = Release|Any CPU
	EndGlobalSection
	GlobalSection(SolutionProperties) = preSolution
		HideSolutionNode = FALSE
	EndGlobalSection
	GlobalSection(ExtensibilityGlobals) = postSolution
		SolutionGuid = {1C0341A4-E757-4377-8FC3-0BA6101EBFF2}
	EndGlobalSection
EndGlobal
